
Microsoft Visual Studio Solution File, Format Version 12.00
# Visual Studio 15
VisualStudioVersion = 15.0.28307.329
MinimumVisualStudioVersion = 10.0.40219.1
Project("{FAE04EC0-301F-11D3-BF4B-00C04F79EFBC}") = "LoggerWrapper", "LoggerWrapper\LoggerWrapper.csproj", "{E5B34CF3-988B-49E2-BB6F-248F55096AEE}"
EndProject
Global
	GlobalSection(SolutionConfigurationPlatforms) = preSolution
		Debug|Any CPU = Debug|Any CPU
		Release|Any CPU = Release|Any CPU
	EndGlobalSection
	GlobalSection(ProjectConfigurationPlatforms) = postSolution
		{E5B34CF3-988B-49E2-BB6F-248F55096AEE}.Debug|Any CPU.ActiveCfg = Debug|Any CPU
		{E5B34CF3-988B-49E2-BB6F-248F55096AEE}.Debug|Any CPU.Build.0 = Debug|Any CPU
		{E5B34CF3-988B-49E2-BB6F-248F55096AEE}.Release|Any CPU.ActiveCfg = Release|Any CPU
		{E5B34CF3-988B-49E2-BB6F-248F55096AEE}.Release|Any CPU.Build.0 = Release|Any CPU
	EndGlobalSection
	GlobalSection(SolutionProperties) = preSolution
		HideSolutionNode = FALSE
	EndGlobalSection
	GlobalSection(ExtensibilityGlobals) = postSolution
		SolutionGuid = {2AF4AC34-F8B3-47AF-8156-A39A618F3B3A}
	EndGlobalSection
EndGlobal
